# This file is generated by running "yarn install" inside your project.
# Manual changes might be lost - proceed with caution!

__metadata:
  version: 6
  cacheKey: 8

"@arcanis/slice-ansi@npm:^1.1.1":
  version: 1.1.1
  resolution: "@arcanis/slice-ansi@npm:1.1.1"
  dependencies:
    grapheme-splitter: ^1.0.4
  checksum: 14ed60cb45750d386c64229ac7bab20e10eedc193503fa4decff764162d329d6d3363ed2cd3debec833186ee54affe4f824f6e8eff531295117fd1ebda200270
  languageName: node
  linkType: hard

"@nodelib/fs.scandir@npm:2.1.5":
  version: 2.1.5
  resolution: "@nodelib/fs.scandir@npm:2.1.5"
  dependencies:
    "@nodelib/fs.stat": 2.0.5
    run-parallel: ^1.1.9
  checksum: a970d595bd23c66c880e0ef1817791432dbb7acbb8d44b7e7d0e7a22f4521260d4a83f7f9fd61d44fda4610105577f8f58a60718105fb38352baed612fd79e59
  languageName: node
  linkType: hard

"@nodelib/fs.stat@npm:2.0.5, @nodelib/fs.stat@npm:^2.0.2":
  version: 2.0.5
  resolution: "@nodelib/fs.stat@npm:2.0.5"
  checksum: 012480b5ca9d97bff9261571dbbec7bbc6033f69cc92908bc1ecfad0792361a5a1994bc48674b9ef76419d056a03efadfce5a6cf6dbc0a36559571a7a483f6f0
  languageName: node
  linkType: hard

"@nodelib/fs.walk@npm:^1.2.3":
  version: 1.2.8
  resolution: "@nodelib/fs.walk@npm:1.2.8"
  dependencies:
    "@nodelib/fs.scandir": 2.1.5
    fastq: ^1.6.0
  checksum: 190c643f156d8f8f277bf2a6078af1ffde1fd43f498f187c2db24d35b4b4b5785c02c7dc52e356497b9a1b65b13edc996de08de0b961c32844364da02986dc53
  languageName: node
  linkType: hard

"@sindresorhus/is@npm:^4.0.0":
  version: 4.6.0
  resolution: "@sindresorhus/is@npm:4.6.0"
  checksum: 83839f13da2c29d55c97abc3bc2c55b250d33a0447554997a85c539e058e57b8da092da396e252b11ec24a0279a0bed1f537fa26302209327060643e327f81d2
  languageName: node
  linkType: hard

"@sinonjs/commons@npm:^1.6.0, @sinonjs/commons@npm:^1.7.0, @sinonjs/commons@npm:^1.8.1, @sinonjs/commons@npm:^1.8.3":
  version: 1.8.3
  resolution: "@sinonjs/commons@npm:1.8.3"
  dependencies:
    type-detect: 4.0.8
  checksum: 6159726db5ce6bf9f2297f8427f7ca5b3dff45b31e5cee23496f1fa6ef0bb4eab878b23fb2c5e6446381f6a66aba4968ef2fc255c1180d753d4b8c271636a2e5
  languageName: node
  linkType: hard

"@sinonjs/fake-timers@npm:>=5":
  version: 9.1.2
  resolution: "@sinonjs/fake-timers@npm:9.1.2"
  dependencies:
    "@sinonjs/commons": ^1.7.0
  checksum: 7d3aef54e17c1073101cb64d953157c19d62a40e261a30923fa1ee337b049c5f29cc47b1f0c477880f42b5659848ba9ab897607ac8ea4acd5c30ddcfac57fca6
  languageName: node
  linkType: hard

"@sinonjs/fake-timers@npm:^6.0.0, @sinonjs/fake-timers@npm:^6.0.1":
  version: 6.0.1
  resolution: "@sinonjs/fake-timers@npm:6.0.1"
  dependencies:
    "@sinonjs/commons": ^1.7.0
  checksum: 8e331aa1412d905ecc8efd63550f58a6f77dcb510f878172004e53be63eb82650623618763001a918fc5e21257b86c45041e4e97c454ed6a2d187de084abbd11
  languageName: node
  linkType: hard

"@sinonjs/fake-timers@npm:^8.1.0":
  version: 8.1.0
  resolution: "@sinonjs/fake-timers@npm:8.1.0"
  dependencies:
    "@sinonjs/commons": ^1.7.0
  checksum: 09b5a158ce013a6c37613258bad79ca4efeb99b1f59c41c73cca36cac00b258aefcf46eeea970fccf06b989414d86fe9f54c1102272c0c3bdd51a313cea80949
  languageName: node
  linkType: hard

"@sinonjs/samsam@npm:^5.3.1":
  version: 5.3.1
  resolution: "@sinonjs/samsam@npm:5.3.1"
  dependencies:
    "@sinonjs/commons": ^1.6.0
    lodash.get: ^4.4.2
    type-detect: ^4.0.8
  checksum: 1c2c49d51b1840775980e9496707d68b936f443896f92e48150c4f7713d14904e576740e52660b602f8a53b665bd5f149c5c733758030758427ddb1621090279
  languageName: node
  linkType: hard

"@sinonjs/samsam@npm:^6.0.2":
  version: 6.1.1
  resolution: "@sinonjs/samsam@npm:6.1.1"
  dependencies:
    "@sinonjs/commons": ^1.6.0
    lodash.get: ^4.4.2
    type-detect: ^4.0.8
  checksum: a09b0914bf573f0da82bd03c64ba413df81a7c173818dc3f0a90c2652240ac835ef583f4d52f0b215e626633c91a4095c255e0669f6ead97241319f34f05e7fc
  languageName: node
  linkType: hard

"@sinonjs/text-encoding@npm:^0.7.1":
  version: 0.7.1
  resolution: "@sinonjs/text-encoding@npm:0.7.1"
  checksum: 130de0bb568c5f8a611ec21d1a4e3f80ab0c5ec333010f49cfc1adc5cba6d8808699c8a587a46b0f0b016a1f4c1389bc96141e773e8460fcbb441875b2e91ba7
  languageName: node
  linkType: hard

"@szmarczak/http-timer@npm:^4.0.5":
  version: 4.0.6
  resolution: "@szmarczak/http-timer@npm:4.0.6"
  dependencies:
    defer-to-connect: ^2.0.0
  checksum: c29df3bcec6fc3bdec2b17981d89d9c9fc9bd7d0c9bcfe92821dc533f4440bc890ccde79971838b4ceed1921d456973c4180d7175ee1d0023ad0562240a58d95
  languageName: node
  linkType: hard

"@types/cacheable-request@npm:^6.0.1":
  version: 6.0.2
  resolution: "@types/cacheable-request@npm:6.0.2"
  dependencies:
    "@types/http-cache-semantics": "*"
    "@types/keyv": "*"
    "@types/node": "*"
    "@types/responselike": "*"
  checksum: 667d25808dbf46fe104d6f029e0281ff56058d50c7c1b9182774b3e38bb9c1124f56e4c367ba54f92dbde2d1cc573f26eb0e9748710b2822bc0fd1e5498859c6
  languageName: node
  linkType: hard

"@types/chai@npm:*":
  version: 4.3.1
  resolution: "@types/chai@npm:4.3.1"
  checksum: 2ee246b76c469cd620a7a1876a73bc597074361b67d547b4bd96a0c1adb43597ede2d8589ab626192e14349d83cbb646cc11e2c179eeeb43ff11596de94d82c4
  languageName: node
  linkType: hard

"@types/chai@npm:4.1.3":
  version: 4.1.3
  resolution: "@types/chai@npm:4.1.3"
  checksum: df688d065e606a31422c9a8f9a045cd479e1f0bec9e44b28a6871d785d08c52fc6227949eb2b4af9b445ac40a90b75197e4b01e1c420839888f2ad5ddf18833a
  languageName: node
  linkType: hard

"@types/emscripten@npm:^1.39.6":
  version: 1.39.6
  resolution: "@types/emscripten@npm:1.39.6"
  checksum: 437f2f9cdfd9057255662508fa9a415fe704ba484c6198f3549c5b05feebcdcd612b1ec7b10026d2566935d05d3c36f9366087cb42bc90bd25772a88fcfc9343
  languageName: node
  linkType: hard

"@types/http-cache-semantics@npm:*":
  version: 4.0.1
  resolution: "@types/http-cache-semantics@npm:4.0.1"
  checksum: 1048aacf627829f0d5f00184e16548205cd9f964bf0841c29b36bc504509230c40bc57c39778703a1c965a6f5b416ae2cbf4c1d4589c889d2838dd9dbfccf6e9
  languageName: node
  linkType: hard

"@types/json-buffer@npm:~3.0.0":
  version: 3.0.0
  resolution: "@types/json-buffer@npm:3.0.0"
  checksum: 6b0a371dd603f0eec9d00874574bae195382570e832560dadf2193ee0d1062b8e0694bbae9798bc758632361c227b1e3b19e3bd914043b498640470a2da38b77
  languageName: node
  linkType: hard

"@types/keyv@npm:*":
  version: 3.1.4
  resolution: "@types/keyv@npm:3.1.4"
  dependencies:
    "@types/node": "*"
  checksum: e009a2bfb50e90ca9b7c6e8f648f8464067271fd99116f881073fa6fa76dc8d0133181dd65e6614d5fb1220d671d67b0124aef7d97dc02d7e342ab143a47779d
  languageName: node
  linkType: hard

"@types/mocha@npm:5.2.0":
  version: 5.2.0
  resolution: "@types/mocha@npm:5.2.0"
  checksum: d1f21ee76152c7747790f1ee0cd82d7504b67d2a870822f2c69aca60ad34f840365ff3c7381f50ea8dc907c143d5be0f5f5600fe649bb8c9795a6f9597998c3b
  languageName: node
  linkType: hard

"@types/node@npm:*":
  version: 17.0.30
  resolution: "@types/node@npm:17.0.30"
  checksum: b3cd2db6474aae3ddac5a312f340f6e4ca200429371e62cb74698fe7f23d7414d0200f643204ddfaa797846328539359e3797d7f2baaf3cdd643b159cf53baa6
  languageName: node
  linkType: hard

"@types/node@npm:^14.6.1":
  version: 14.18.16
  resolution: "@types/node@npm:14.18.16"
  checksum: 1999799309dc8620a2adf9a5d5e48416af87321bae4c950b4aa8018fcef2c3b6c1fcf98c39eae06f6492c03a643a5a44e2bb3750cd2574d9cf7eac33bac50e24
  languageName: node
  linkType: hard

"@types/node@npm:^16.11.10":
  version: 16.11.32
  resolution: "@types/node@npm:16.11.32"
  checksum: 21f1bcd4f47a443f8a78a58b6ca3488dd9418c71b1185ba067d02222047fb194a3bfba244c32259bcb0cae4d55870b43a908b1f2832ec4aa4f31158f809625fe
  languageName: node
  linkType: hard

"@types/responselike@npm:*, @types/responselike@npm:^1.0.0":
  version: 1.0.0
  resolution: "@types/responselike@npm:1.0.0"
  dependencies:
    "@types/node": "*"
  checksum: e99fc7cc6265407987b30deda54c1c24bb1478803faf6037557a774b2f034c5b097ffd65847daa87e82a61a250d919f35c3588654b0fdaa816906650f596d1b0
  languageName: node
  linkType: hard

"@types/semver@npm:^7.1.0":
  version: 7.3.9
  resolution: "@types/semver@npm:7.3.9"
  checksum: 60bfcfdfa7f937be2c6f4b37ddb6714fb0f27b05fe4cbdfdd596a97d35ed95d13ee410efdd88e72a66449d0384220bf20055ab7d6b5df10de4990fbd20e5cbe0
  languageName: node
  linkType: hard

"@types/sinon-chai@npm:^3.2.4, @types/sinon-chai@npm:^3.2.6":
  version: 3.2.8
  resolution: "@types/sinon-chai@npm:3.2.8"
  dependencies:
    "@types/chai": "*"
    "@types/sinon": "*"
  checksum: a0f7a8cef24904db25a695f3c3adcc03ae72bab89a954c9b6e23fe7e541228e67fe4119cec069e8b36c80e9af33102b626129ff538efade9391cc0f65f1d4933
  languageName: node
  linkType: hard

"@types/sinon@npm:*, @types/sinon@npm:^10.0.6":
  version: 10.0.11
  resolution: "@types/sinon@npm:10.0.11"
  dependencies:
    "@types/sinonjs__fake-timers": "*"
  checksum: 196f3e26985dca5dfb593592e4b64463e536c047a9f43aa2b328b16024a3b0e3fb27b7a3f3972c6ef75749f55012737eb6c63a1c2e9782b7fe5cbbd25f75fd62
  languageName: node
  linkType: hard

"@types/sinon@npm:^9.0.5":
  version: 9.0.11
  resolution: "@types/sinon@npm:9.0.11"
  dependencies:
    "@types/sinonjs__fake-timers": "*"
  checksum: 2074490973012283ec9ccb9f607fa12f36c78d8801f63ec437d3e8351dae161a018836cc02e8b039118ec9fb7680331594716ed0858075a11d381edd27faa75c
  languageName: node
  linkType: hard

"@types/sinonjs__fake-timers@npm:*":
  version: 8.1.2
  resolution: "@types/sinonjs__fake-timers@npm:8.1.2"
  checksum: bbc73a5ab6c0ec974929392f3d6e1e8db4ebad97ec506d785301e1c3d8a4f98a35b1aa95b97035daef02886fd8efd7788a2fa3ced2ec7105988bfd8dce61eedd
  languageName: node
  linkType: hard

"@types/treeify@npm:^1.0.0":
  version: 1.0.0
  resolution: "@types/treeify@npm:1.0.0"
  checksum: 1b2397030d13beee7f82b878ca80feeddb0d550a6b00d8be30082a370c0ac5985ecf7b9378cf93ea278ff00c3e900b416ae8d9379f2c7e8caecdece1dfc77380
  languageName: node
  linkType: hard

"@yarnpkg/core@npm:^4.0.0-rc.4":
  version: 4.0.0-rc.4
  resolution: "@yarnpkg/core@npm:4.0.0-rc.4"
  dependencies:
    "@arcanis/slice-ansi": ^1.1.1
    "@types/semver": ^7.1.0
    "@types/treeify": ^1.0.0
    "@yarnpkg/fslib": ^3.0.0-rc.4
    "@yarnpkg/libzip": ^3.0.0-rc.4
    "@yarnpkg/parsers": ^3.0.0-rc.4
    "@yarnpkg/shell": ^4.0.0-rc.4
    camelcase: ^5.3.1
    chalk: ^3.0.0
    ci-info: ^3.2.0
    clipanion: ^3.2.0-rc.10
    cross-spawn: 7.0.3
    diff: ^4.0.1
    globby: ^11.0.1
    got: ^11.7.0
    lodash: ^4.17.15
    micromatch: ^4.0.2
    p-limit: ^2.2.0
    semver: ^7.1.2
    strip-ansi: ^6.0.0
    tar: ^6.0.5
    tinylogic: ^2.0.0
    treeify: ^1.1.0
    tslib: ^1.13.0
    tunnel: ^0.0.6
  checksum: 7fccfc917ac96bfc69ea7807d1cd054dc11dbfe81f3ad7bfdf202b6da88d1091bf4a58e16f17752e628fe17e3738b96c6e95aeb753fbddb0c76639cb3310d5d5
  languageName: node
  linkType: hard

"@yarnpkg/fslib@npm:^3.0.0-rc.4":
  version: 3.0.0-rc.4
  resolution: "@yarnpkg/fslib@npm:3.0.0-rc.4"
  dependencies:
    "@yarnpkg/libzip": ^3.0.0-rc.4
    tslib: ^1.13.0
  checksum: db8bb4d7ce3b0f2180fead2329bd7455ea599f0050d59d10b07faf7524a83b72e5eda4049748c811b2db07b48aa01dbc5b90a2223e23c1fcbc9ba359374c2819
  languageName: node
  linkType: hard

"@yarnpkg/libzip@npm:^3.0.0-rc.4":
  version: 3.0.0-rc.4
  resolution: "@yarnpkg/libzip@npm:3.0.0-rc.4"
  dependencies:
    "@types/emscripten": ^1.39.6
    tslib: ^1.13.0
  checksum: c3c68ec389a904f89f95aea5a0585e7e172a6371bde8ccff998fe6c19dcabacc37859d9325a0e1bc33245e4a1d1bc084bdf6fda3241af72bd6bd5b6526365e98
  languageName: node
  linkType: hard

"@yarnpkg/nm@npm:^4.0.0-rc.4":
  version: 4.0.0-rc.4
  resolution: "@yarnpkg/nm@npm:4.0.0-rc.4"
  dependencies:
    "@yarnpkg/core": ^4.0.0-rc.4
    "@yarnpkg/fslib": ^3.0.0-rc.4
  checksum: 0d7d191b5d783a48215fe5736e9638dc41b69aeef2bda454139eeed93a81db5ff9177b1777b18453eeb5c0ada33b15db432e731deebe1b38af3f102007421e90
  languageName: node
  linkType: hard

"@yarnpkg/parsers@npm:^3.0.0-rc.4":
  version: 3.0.0-rc.4
  resolution: "@yarnpkg/parsers@npm:3.0.0-rc.4"
  dependencies:
    js-yaml: ^3.10.0
    tslib: ^1.13.0
  checksum: 998a3e87da98705f3c3b6d5f4d6d9d0dc8a20853b969cc4da87f8ca61c60a3f6c7e85ba5383e424dc79dcdaaa7bc36b7b3e2439915a7393a9111a2a9062b29eb
  languageName: node
  linkType: hard

"@yarnpkg/pnpify@npm:^4.0.0-rc.4":
  version: 4.0.0-rc.4
  resolution: "@yarnpkg/pnpify@npm:4.0.0-rc.4"
  dependencies:
    "@yarnpkg/core": ^4.0.0-rc.4
    "@yarnpkg/fslib": ^3.0.0-rc.4
    "@yarnpkg/nm": ^4.0.0-rc.4
    clipanion: ^3.2.0-rc.10
    tslib: ^1.13.0
  bin:
    pnpify: ./lib/cli.js
  checksum: 287fdc1e2f0e12ca147c068f05d381ee599f66ec4a4be3aab03b82194bfaf114e51f20324f7269a038175c12c512394ba12026cd91c7011eef6b302fa1cb2439
  languageName: node
  linkType: hard

"@yarnpkg/shell@npm:^4.0.0-rc.4":
  version: 4.0.0-rc.4
  resolution: "@yarnpkg/shell@npm:4.0.0-rc.4"
  dependencies:
    "@yarnpkg/fslib": ^3.0.0-rc.4
    "@yarnpkg/parsers": ^3.0.0-rc.4
    chalk: ^3.0.0
    clipanion: ^3.2.0-rc.10
    cross-spawn: 7.0.3
    fast-glob: ^3.2.2
    micromatch: ^4.0.2
    tslib: ^1.13.0
  bin:
    shell: ./lib/cli.js
  checksum: 4bc08895392b75880cd76386b0a5d590d29cf240343b99b33e8dd66233d0b7bc4fa4154180712726050b7ca3028a8792688108257a759165b4d83950e640a710
  languageName: node
  linkType: hard

"ansi-regex@npm:^5.0.1":
  version: 5.0.1
  resolution: "ansi-regex@npm:5.0.1"
  checksum: 2aa4bb54caf2d622f1afdad09441695af2a83aa3fe8b8afa581d205e57ed4261c183c4d3877cee25794443fde5876417d859c108078ab788d6af7e4fe52eb66b
  languageName: node
  linkType: hard

"ansi-styles@npm:^4.1.0":
  version: 4.3.0
  resolution: "ansi-styles@npm:4.3.0"
  dependencies:
    color-convert: ^2.0.1
  checksum: 513b44c3b2105dd14cc42a19271e80f386466c4be574bccf60b627432f9198571ebf4ab1e4c3ba17347658f4ee1711c163d574248c0c1cdc2d5917a0ad582ec4
  languageName: node
  linkType: hard

"argparse@npm:^1.0.7":
  version: 1.0.10
  resolution: "argparse@npm:1.0.10"
  dependencies:
    sprintf-js: ~1.0.2
  checksum: 7ca6e45583a28de7258e39e13d81e925cfa25d7d4aacbf806a382d3c02fcb13403a07fb8aeef949f10a7cfe4a62da0e2e807b348a5980554cc28ee573ef95945
  languageName: node
  linkType: hard

"array-union@npm:^2.1.0":
  version: 2.1.0
  resolution: "array-union@npm:2.1.0"
  checksum: 5bee12395cba82da674931df6d0fea23c4aa4660cb3b338ced9f828782a65caa232573e6bf3968f23e0c5eb301764a382cef2f128b170a9dc59de0e36c39f98d
  languageName: node
  linkType: hard

"assertion-error@npm:^1.0.1":
  version: 1.1.0
  resolution: "assertion-error@npm:1.1.0"
  checksum: fd9429d3a3d4fd61782eb3962ae76b6d08aa7383123fca0596020013b3ebd6647891a85b05ce821c47d1471ed1271f00b0545cf6a4326cf2fc91efcc3b0fbecf
  languageName: node
  linkType: hard

"braces@npm:^3.0.2":
  version: 3.0.2
  resolution: "braces@npm:3.0.2"
  dependencies:
    fill-range: ^7.0.1
  checksum: e2a8e769a863f3d4ee887b5fe21f63193a891c68b612ddb4b68d82d1b5f3ff9073af066c343e9867a393fe4c2555dcb33e89b937195feb9c1613d259edfcd459
  languageName: node
  linkType: hard

"cacheable-lookup@npm:^5.0.3":
  version: 5.0.4
  resolution: "cacheable-lookup@npm:5.0.4"
  checksum: 763e02cf9196bc9afccacd8c418d942fc2677f22261969a4c2c2e760fa44a2351a81557bd908291c3921fe9beb10b976ba8fa50c5ca837c5a0dd945f16468f2d
  languageName: node
  linkType: hard

"cacheable-request@npm:^7.0.2":
  version: 7.0.2
  resolution: "cacheable-request@npm:7.0.2"
  dependencies:
    clone-response: ^1.0.2
    get-stream: ^5.1.0
    http-cache-semantics: ^4.0.0
    keyv: ^4.0.0
    lowercase-keys: ^2.0.0
    normalize-url: ^6.0.1
    responselike: ^2.0.0
  checksum: 6152813982945a5c9989cb457a6c499f12edcc7ade323d2fbfd759abc860bdbd1306e08096916bb413c3c47e812f8e4c0a0cc1e112c8ce94381a960f115bc77f
  languageName: node
  linkType: hard

"camelcase@npm:^5.3.1":
  version: 5.3.1
  resolution: "camelcase@npm:5.3.1"
  checksum: e6effce26b9404e3c0f301498184f243811c30dfe6d0b9051863bd8e4034d09c8c2923794f280d6827e5aa055f6c434115ff97864a16a963366fb35fd673024b
  languageName: node
  linkType: hard

"chai@npm:4.1.2":
  version: 4.1.2
  resolution: "chai@npm:4.1.2"
  dependencies:
    assertion-error: ^1.0.1
    check-error: ^1.0.1
    deep-eql: ^3.0.0
    get-func-name: ^2.0.0
    pathval: ^1.0.0
    type-detect: ^4.0.0
  checksum: 4f72979317a5ce5c8fb543537475027b73483ca042592fb46581dbfc9f7dd0efc0a96c504fee095c6e00a6afe436f3736ad1911611755fd53e89959262416342
  languageName: node
  linkType: hard

"chalk@npm:^3.0.0":
  version: 3.0.0
  resolution: "chalk@npm:3.0.0"
  dependencies:
    ansi-styles: ^4.1.0
    supports-color: ^7.1.0
  checksum: 8e3ddf3981c4da405ddbd7d9c8d91944ddf6e33d6837756979f7840a29272a69a5189ecae0ff84006750d6d1e92368d413335eab4db5476db6e6703a1d1e0505
  languageName: node
  linkType: hard

"check-error@npm:^1.0.1":
  version: 1.0.2
  resolution: "check-error@npm:1.0.2"
  checksum: d9d106504404b8addd1ee3f63f8c0eaa7cd962a1a28eb9c519b1c4a1dc7098be38007fc0060f045ee00f075fbb7a2a4f42abcf61d68323677e11ab98dc16042e
  languageName: node
  linkType: hard

"chownr@npm:^2.0.0":
  version: 2.0.0
  resolution: "chownr@npm:2.0.0"
  checksum: c57cf9dd0791e2f18a5ee9c1a299ae6e801ff58fee96dc8bfd0dcb4738a6ce58dd252a3605b1c93c6418fe4f9d5093b28ffbf4d66648cb2a9c67eaef9679be2f
  languageName: node
  linkType: hard

"ci-info@npm:^3.2.0":
  version: 3.3.0
  resolution: "ci-info@npm:3.3.0"
  checksum: c3d86fe374938ecda5093b1ba39acb535d8309185ba3f23587747c6a057e63f45419b406d880304dbc0e1d72392c9a33e42fe9a1e299209bc0ded5efaa232b66
  languageName: node
  linkType: hard

"clipanion@npm:^3.2.0-rc.10":
  version: 3.2.0-rc.11
  resolution: "clipanion@npm:3.2.0-rc.11"
  dependencies:
    typanion: ^3.8.0
  peerDependencies:
    typanion: "*"
  checksum: cbf37dd1b991c33f3450c1896e80d5a15c8e5fe647058020037bbd20e4afd6937612ee8877b9009d5128a07b4a01aa50297883e25520f61f0d249543c62abbc0
  languageName: node
  linkType: hard

"clone-response@npm:^1.0.2":
  version: 1.0.2
  resolution: "clone-response@npm:1.0.2"
  dependencies:
    mimic-response: ^1.0.0
  checksum: 2d0e61547fc66276e0903be9654ada422515f5a15741691352000d47e8c00c226061221074ce2c0064d12e975e84a8687cfd35d8b405750cb4e772f87b256eda
  languageName: node
  linkType: hard

"color-convert@npm:^2.0.1":
  version: 2.0.1
  resolution: "color-convert@npm:2.0.1"
  dependencies:
    color-name: ~1.1.4
  checksum: 79e6bdb9fd479a205c71d89574fccfb22bd9053bd98c6c4d870d65c132e5e904e6034978e55b43d69fcaa7433af2016ee203ce76eeba9cfa554b373e7f7db336
  languageName: node
  linkType: hard

"color-name@npm:~1.1.4":
  version: 1.1.4
  resolution: "color-name@npm:1.1.4"
  checksum: b0445859521eb4021cd0fb0cc1a75cecf67fceecae89b63f62b201cca8d345baf8b952c966862a9d9a2632987d4f6581f0ec8d957dfacece86f0a7919316f610
  languageName: node
  linkType: hard

"compress-brotli@npm:^1.3.6":
  version: 1.3.6
  resolution: "compress-brotli@npm:1.3.6"
  dependencies:
    "@types/json-buffer": ~3.0.0
    json-buffer: ~3.0.1
  checksum: 9db8e082a3286bd6a0da2b6b2929c62a827c5a1bee8f0d1c777cccfcef14c9e751d93ae46329f1529bfbfab9b6f241465e3a1c895be235c6e923f5017d952d00
  languageName: node
  linkType: hard

"cross-spawn@npm:7.0.3":
  version: 7.0.3
  resolution: "cross-spawn@npm:7.0.3"
  dependencies:
    path-key: ^3.1.0
    shebang-command: ^2.0.0
    which: ^2.0.1
  checksum: 671cc7c7288c3a8406f3c69a3ae2fc85555c04169e9d611def9a675635472614f1c0ed0ef80955d5b6d4e724f6ced67f0ad1bb006c2ea643488fcfef994d7f52
  languageName: node
  linkType: hard

"decompress-response@npm:^6.0.0":
  version: 6.0.0
  resolution: "decompress-response@npm:6.0.0"
  dependencies:
    mimic-response: ^3.1.0
  checksum: d377cf47e02d805e283866c3f50d3d21578b779731e8c5072d6ce8c13cc31493db1c2f6784da9d1d5250822120cefa44f1deab112d5981015f2e17444b763812
  languageName: node
  linkType: hard

"deep-eql@npm:^3.0.0":
  version: 3.0.1
  resolution: "deep-eql@npm:3.0.1"
  dependencies:
    type-detect: ^4.0.0
  checksum: 4f4c9fb79eb994fb6e81d4aa8b063adc40c00f831588aa65e20857d5d52f15fb23034a6576ecf886f7ff6222d5ae42e71e9b7d57113e0715b1df7ea1e812b125
  languageName: node
  linkType: hard

"defer-to-connect@npm:^2.0.0":
  version: 2.0.1
  resolution: "defer-to-connect@npm:2.0.1"
  checksum: 8a9b50d2f25446c0bfefb55a48e90afd58f85b21bcf78e9207cd7b804354f6409032a1705c2491686e202e64fc05f147aa5aa45f9aa82627563f045937f5791b
  languageName: node
  linkType: hard

"diff@npm:^4.0.1, diff@npm:^4.0.2":
  version: 4.0.2
  resolution: "diff@npm:4.0.2"
  checksum: f2c09b0ce4e6b301c221addd83bf3f454c0bc00caa3dd837cf6c127d6edf7223aa2bbe3b688feea110b7f262adbfc845b757c44c8a9f8c0c5b15d8fa9ce9d20d
  languageName: node
  linkType: hard

"diff@npm:^5.0.0":
  version: 5.0.0
  resolution: "diff@npm:5.0.0"
  checksum: f19fe29284b633afdb2725c2a8bb7d25761ea54d321d8e67987ac851c5294be4afeab532bd84531e02583a3fe7f4014aa314a3eda84f5590e7a9e6b371ef3b46
  languageName: node
  linkType: hard

"dir-glob@npm:^3.0.1":
  version: 3.0.1
  resolution: "dir-glob@npm:3.0.1"
  dependencies:
    path-type: ^4.0.0
  checksum: fa05e18324510d7283f55862f3161c6759a3f2f8dbce491a2fc14c8324c498286c54282c1f0e933cb930da8419b30679389499b919122952a4f8592362ef4615
  languageName: node
  linkType: hard

"end-of-stream@npm:^1.1.0":
  version: 1.4.4
  resolution: "end-of-stream@npm:1.4.4"
  dependencies:
    once: ^1.4.0
  checksum: 530a5a5a1e517e962854a31693dbb5c0b2fc40b46dad2a56a2deec656ca040631124f4795823acc68238147805f8b021abbe221f4afed5ef3c8e8efc2024908b
  languageName: node
  linkType: hard

"esprima@npm:^4.0.0":
  version: 4.0.1
  resolution: "esprima@npm:4.0.1"
  bin:
    esparse: ./bin/esparse.js
    esvalidate: ./bin/esvalidate.js
  checksum: b45bc805a613dbea2835278c306b91aff6173c8d034223fa81498c77dcbce3b2931bf6006db816f62eacd9fd4ea975dfd85a5b7f3c6402cfd050d4ca3c13a628
  languageName: node
  linkType: hard

"fast-glob@npm:^3.2.2, fast-glob@npm:^3.2.9":
  version: 3.2.11
  resolution: "fast-glob@npm:3.2.11"
  dependencies:
    "@nodelib/fs.stat": ^2.0.2
    "@nodelib/fs.walk": ^1.2.3
    glob-parent: ^5.1.2
    merge2: ^1.3.0
    micromatch: ^4.0.4
  checksum: f473105324a7780a20c06de842e15ddbb41d3cb7e71d1e4fe6e8373204f22245d54f5ab9e2061e6a1c613047345954d29b022e0e76f5c28b1df9858179a0e6d7
  languageName: node
  linkType: hard

"fastq@npm:^1.6.0":
  version: 1.13.0
  resolution: "fastq@npm:1.13.0"
  dependencies:
    reusify: ^1.0.4
  checksum: 32cf15c29afe622af187d12fc9cd93e160a0cb7c31a3bb6ace86b7dea3b28e7b72acde89c882663f307b2184e14782c6c664fa315973c03626c7d4bff070bb0b
  languageName: node
  linkType: hard

"fill-range@npm:^7.0.1":
  version: 7.0.1
  resolution: "fill-range@npm:7.0.1"
  dependencies:
    to-regex-range: ^5.0.1
  checksum: cc283f4e65b504259e64fd969bcf4def4eb08d85565e906b7d36516e87819db52029a76b6363d0f02d0d532f0033c9603b9e2d943d56ee3b0d4f7ad3328ff917
  languageName: node
  linkType: hard

"fs-minipass@npm:^2.0.0":
  version: 2.1.0
  resolution: "fs-minipass@npm:2.1.0"
  dependencies:
    minipass: ^3.0.0
  checksum: 1b8d128dae2ac6cc94230cc5ead341ba3e0efaef82dab46a33d171c044caaa6ca001364178d42069b2809c35a1c3c35079a32107c770e9ffab3901b59af8c8b1
  languageName: node
  linkType: hard

"get-func-name@npm:^2.0.0":
  version: 2.0.0
  resolution: "get-func-name@npm:2.0.0"
  checksum: 8d82e69f3e7fab9e27c547945dfe5cc0c57fc0adf08ce135dddb01081d75684a03e7a0487466f478872b341d52ac763ae49e660d01ab83741f74932085f693c3
  languageName: node
  linkType: hard

"get-stream@npm:^5.1.0":
  version: 5.2.0
  resolution: "get-stream@npm:5.2.0"
  dependencies:
    pump: ^3.0.0
  checksum: 8bc1a23174a06b2b4ce600df38d6c98d2ef6d84e020c1ddad632ad75bac4e092eeb40e4c09e0761c35fc2dbc5e7fff5dab5e763a383582c4a167dd69a905bd12
  languageName: node
  linkType: hard

"glob-parent@npm:^5.1.2":
  version: 5.1.2
  resolution: "glob-parent@npm:5.1.2"
  dependencies:
    is-glob: ^4.0.1
  checksum: f4f2bfe2425296e8a47e36864e4f42be38a996db40420fe434565e4480e3322f18eb37589617a98640c5dc8fdec1a387007ee18dbb1f3f5553409c34d17f425e
  languageName: node
  linkType: hard

"globby@npm:^11.0.1":
  version: 11.1.0
  resolution: "globby@npm:11.1.0"
  dependencies:
    array-union: ^2.1.0
    dir-glob: ^3.0.1
    fast-glob: ^3.2.9
    ignore: ^5.2.0
    merge2: ^1.4.1
    slash: ^3.0.0
  checksum: b4be8885e0cfa018fc783792942d53926c35c50b3aefd3fdcfb9d22c627639dc26bd2327a40a0b74b074100ce95bb7187bfeae2f236856aa3de183af7a02aea6
  languageName: node
  linkType: hard

"got@npm:^11.7.0":
  version: 11.8.3
  resolution: "got@npm:11.8.3"
  dependencies:
    "@sindresorhus/is": ^4.0.0
    "@szmarczak/http-timer": ^4.0.5
    "@types/cacheable-request": ^6.0.1
    "@types/responselike": ^1.0.0
    cacheable-lookup: ^5.0.3
    cacheable-request: ^7.0.2
    decompress-response: ^6.0.0
    http2-wrapper: ^1.0.0-beta.5.2
    lowercase-keys: ^2.0.0
    p-cancelable: ^2.0.0
    responselike: ^2.0.0
  checksum: 3b6db107d9765470b18e4cb22f7c7400381be7425b9be5823f0168d6c21b5d6b28b023c0b3ee208f73f6638c3ce251948ca9b54a1e8f936d3691139ac202d01b
  languageName: node
  linkType: hard

"grapheme-splitter@npm:^1.0.4":
  version: 1.0.4
  resolution: "grapheme-splitter@npm:1.0.4"
  checksum: 0c22ec54dee1b05cd480f78cf14f732cb5b108edc073572c4ec205df4cd63f30f8db8025afc5debc8835a8ddeacf648a1c7992fe3dcd6ad38f9a476d84906620
  languageName: node
  linkType: hard

"has-flag@npm:^4.0.0":
  version: 4.0.0
  resolution: "has-flag@npm:4.0.0"
  checksum: 261a1357037ead75e338156b1f9452c016a37dcd3283a972a30d9e4a87441ba372c8b81f818cd0fbcd9c0354b4ae7e18b9e1afa1971164aef6d18c2b6095a8ad
  languageName: node
  linkType: hard

"http-cache-semantics@npm:^4.0.0":
  version: 4.1.0
  resolution: "http-cache-semantics@npm:4.1.0"
  checksum: 974de94a81c5474be07f269f9fd8383e92ebb5a448208223bfb39e172a9dbc26feff250192ecc23b9593b3f92098e010406b0f24bd4d588d631f80214648ed42
  languageName: node
  linkType: hard

"http2-wrapper@npm:^1.0.0-beta.5.2":
  version: 1.0.3
  resolution: "http2-wrapper@npm:1.0.3"
  dependencies:
    quick-lru: ^5.1.1
    resolve-alpn: ^1.0.0
  checksum: 74160b862ec699e3f859739101ff592d52ce1cb207b7950295bf7962e4aa1597ef709b4292c673bece9c9b300efad0559fc86c71b1409c7a1e02b7229456003e
  languageName: node
  linkType: hard

"ignore@npm:^5.2.0":
  version: 5.2.0
  resolution: "ignore@npm:5.2.0"
  checksum: 6b1f926792d614f64c6c83da3a1f9c83f6196c2839aa41e1e32dd7b8d174cef2e329d75caabb62cb61ce9dc432f75e67d07d122a037312db7caa73166a1bdb77
  languageName: node
  linkType: hard

"is-extglob@npm:^2.1.1":
  version: 2.1.1
  resolution: "is-extglob@npm:2.1.1"
  checksum: df033653d06d0eb567461e58a7a8c9f940bd8c22274b94bf7671ab36df5719791aae15eef6d83bbb5e23283967f2f984b8914559d4449efda578c775c4be6f85
  languageName: node
  linkType: hard

"is-glob@npm:^4.0.1":
  version: 4.0.3
  resolution: "is-glob@npm:4.0.3"
  dependencies:
    is-extglob: ^2.1.1
  checksum: d381c1319fcb69d341cc6e6c7cd588e17cd94722d9a32dbd60660b993c4fb7d0f19438674e68dfec686d09b7c73139c9166b47597f846af387450224a8101ab4
  languageName: node
  linkType: hard

"is-number@npm:^7.0.0":
  version: 7.0.0
  resolution: "is-number@npm:7.0.0"
  checksum: 456ac6f8e0f3111ed34668a624e45315201dff921e5ac181f8ec24923b99e9f32ca1a194912dc79d539c97d33dba17dc635202ff0b2cf98326f608323276d27a
  languageName: node
  linkType: hard

"isarray@npm:0.0.1":
  version: 0.0.1
  resolution: "isarray@npm:0.0.1"
  checksum: 49191f1425681df4a18c2f0f93db3adb85573bcdd6a4482539d98eac9e705d8961317b01175627e860516a2fc45f8f9302db26e5a380a97a520e272e2a40a8d4
  languageName: node
  linkType: hard

"isexe@npm:^2.0.0":
  version: 2.0.0
  resolution: "isexe@npm:2.0.0"
  checksum: 26bf6c5480dda5161c820c5b5c751ae1e766c587b1f951ea3fcfc973bafb7831ae5b54a31a69bd670220e42e99ec154475025a468eae58ea262f813fdc8d1c62
  languageName: node
  linkType: hard

"js-yaml@npm:^3.10.0":
  version: 3.14.1
  resolution: "js-yaml@npm:3.14.1"
  dependencies:
    argparse: ^1.0.7
    esprima: ^4.0.0
  bin:
    js-yaml: bin/js-yaml.js
  checksum: bef146085f472d44dee30ec34e5cf36bf89164f5d585435a3d3da89e52622dff0b188a580e4ad091c3341889e14cb88cac6e4deb16dc5b1e9623bb0601fc255c
  languageName: node
  linkType: hard

"json-buffer@npm:3.0.1, json-buffer@npm:~3.0.1":
  version: 3.0.1
  resolution: "json-buffer@npm:3.0.1"
  checksum: 9026b03edc2847eefa2e37646c579300a1f3a4586cfb62bf857832b60c852042d0d6ae55d1afb8926163fa54c2b01d83ae24705f34990348bdac6273a29d4581
  languageName: node
  linkType: hard

"just-extend@npm:^4.0.2":
  version: 4.2.1
  resolution: "just-extend@npm:4.2.1"
  checksum: ff9fdede240fad313efeeeb68a660b942e5586d99c0058064c78884894a2690dc09bba44c994ad4e077e45d913fef01a9240c14a72c657b53687ac58de53b39c
  languageName: node
  linkType: hard

"keyv@npm:^4.0.0":
  version: 4.2.2
  resolution: "keyv@npm:4.2.2"
  dependencies:
    compress-brotli: ^1.3.6
    json-buffer: 3.0.1
  checksum: 1d03674145339cb6d7509fd7791a2ea93c0a9b7ec10e475d621f4443b8bf877c21dc391ae1002dd1bade4f44e2093f850f1da81d08c03812b4592cd5ff028db7
  languageName: node
  linkType: hard

"lodash.get@npm:^4.4.2":
  version: 4.4.2
  resolution: "lodash.get@npm:4.4.2"
  checksum: e403047ddb03181c9d0e92df9556570e2b67e0f0a930fcbbbd779370972368f5568e914f913e93f3b08f6d492abc71e14d4e9b7a18916c31fa04bd2306efe545
  languageName: node
  linkType: hard

"lodash@npm:^4.17.15":
  version: 4.17.21
  resolution: "lodash@npm:4.17.21"
  checksum: eb835a2e51d381e561e508ce932ea50a8e5a68f4ebdd771ea240d3048244a8d13658acbd502cd4829768c56f2e16bdd4340b9ea141297d472517b83868e677f7
  languageName: node
  linkType: hard

"lowercase-keys@npm:^2.0.0":
  version: 2.0.0
  resolution: "lowercase-keys@npm:2.0.0"
  checksum: 24d7ebd56ccdf15ff529ca9e08863f3c54b0b9d1edb97a3ae1af34940ae666c01a1e6d200707bce730a8ef76cb57cc10e65f245ecaaf7e6bc8639f2fb460ac23
  languageName: node
  linkType: hard

"lru-cache@npm:^6.0.0":
  version: 6.0.0
  resolution: "lru-cache@npm:6.0.0"
  dependencies:
    yallist: ^4.0.0
  checksum: f97f499f898f23e4585742138a22f22526254fdba6d75d41a1c2526b3b6cc5747ef59c5612ba7375f42aca4f8461950e925ba08c991ead0651b4918b7c978297
  languageName: node
  linkType: hard

"merge2@npm:^1.3.0, merge2@npm:^1.4.1":
  version: 1.4.1
  resolution: "merge2@npm:1.4.1"
  checksum: 7268db63ed5169466540b6fb947aec313200bcf6d40c5ab722c22e242f651994619bcd85601602972d3c85bd2cc45a358a4c61937e9f11a061919a1da569b0c2
  languageName: node
  linkType: hard

"micromatch@npm:^4.0.2, micromatch@npm:^4.0.4":
  version: 4.0.5
  resolution: "micromatch@npm:4.0.5"
  dependencies:
    braces: ^3.0.2
    picomatch: ^2.3.1
  checksum: 02a17b671c06e8fefeeb6ef996119c1e597c942e632a21ef589154f23898c9c6a9858526246abb14f8bca6e77734aa9dcf65476fca47cedfb80d9577d52843fc
  languageName: node
  linkType: hard

"mimic-response@npm:^1.0.0":
  version: 1.0.1
  resolution: "mimic-response@npm:1.0.1"
  checksum: 034c78753b0e622bc03c983663b1cdf66d03861050e0c8606563d149bc2b02d63f62ce4d32be4ab50d0553ae0ffe647fc34d1f5281184c6e1e8cf4d85e8d9823
  languageName: node
  linkType: hard

"mimic-response@npm:^3.1.0":
  version: 3.1.0
  resolution: "mimic-response@npm:3.1.0"
  checksum: 25739fee32c17f433626bf19f016df9036b75b3d84a3046c7d156e72ec963dd29d7fc8a302f55a3d6c5a4ff24259676b15d915aad6480815a969ff2ec0836867
  languageName: node
  linkType: hard

"minipass@npm:^3.0.0":
  version: 3.1.6
  resolution: "minipass@npm:3.1.6"
  dependencies:
    yallist: ^4.0.0
  checksum: 57a04041413a3531a65062452cb5175f93383ef245d6f4a2961d34386eb9aa8ac11ac7f16f791f5e8bbaf1dfb1ef01596870c88e8822215db57aa591a5bb0a77
  languageName: node
  linkType: hard

"minizlib@npm:^2.1.1":
  version: 2.1.2
  resolution: "minizlib@npm:2.1.2"
  dependencies:
    minipass: ^3.0.0
    yallist: ^4.0.0
  checksum: f1fdeac0b07cf8f30fcf12f4b586795b97be856edea22b5e9072707be51fc95d41487faec3f265b42973a304fe3a64acd91a44a3826a963e37b37bafde0212c3
  languageName: node
  linkType: hard

"mkdirp@npm:^1.0.3":
  version: 1.0.4
  resolution: "mkdirp@npm:1.0.4"
  bin:
    mkdirp: bin/cmd.js
  checksum: a96865108c6c3b1b8e1d5e9f11843de1e077e57737602de1b82030815f311be11f96f09cce59bd5b903d0b29834733e5313f9301e3ed6d6f6fba2eae0df4298f
  languageName: node
  linkType: hard

"mocha-starter@workspace:.":
  version: 0.0.0-use.local
  resolution: "mocha-starter@workspace:."
  dependencies:
    "@types/chai": 4.1.3
    "@types/mocha": 5.2.0
    "@types/node": ^16.11.10
    "@types/sinon": ^10.0.6
    "@types/sinon-chai": ^3.2.6
    "@yarnpkg/pnpify": ^4.0.0-rc.4
    chai: 4.1.2
    sinon: ^12.0.1
    sinon-chai: ^3.7.0
    ts-sinon: ^2.0.2
    typescript: ^4.6.4
  languageName: unknown
  linkType: soft

"nise@npm:^4.0.4":
  version: 4.1.0
  resolution: "nise@npm:4.1.0"
  dependencies:
    "@sinonjs/commons": ^1.7.0
    "@sinonjs/fake-timers": ^6.0.0
    "@sinonjs/text-encoding": ^0.7.1
    just-extend: ^4.0.2
    path-to-regexp: ^1.7.0
  checksum: b2ea1c96a41c392adf746509904af565ebd667ad4e40267f6d73be3648f04267945624ba0ce6a991b779f3ae246181f71975152b93b4dafee1f62886fa897c32
  languageName: node
  linkType: hard

"nise@npm:^5.1.0":
  version: 5.1.1
  resolution: "nise@npm:5.1.1"
  dependencies:
    "@sinonjs/commons": ^1.8.3
    "@sinonjs/fake-timers": ">=5"
    "@sinonjs/text-encoding": ^0.7.1
    just-extend: ^4.0.2
    path-to-regexp: ^1.7.0
  checksum: d8be29e84a014743c9a10f428fac86f294ac5f92bed1f606fe9b551e935f494d8e0ce1af8a12673c6014010ec7f771f2d48aa5c8e116f223eb4f40c5e1ab44b3
  languageName: node
  linkType: hard

"normalize-url@npm:^6.0.1":
  version: 6.1.0
  resolution: "normalize-url@npm:6.1.0"
  checksum: 4a4944631173e7d521d6b80e4c85ccaeceb2870f315584fa30121f505a6dfd86439c5e3fdd8cd9e0e291290c41d0c3599f0cb12ab356722ed242584c30348e50
  languageName: node
  linkType: hard

"once@npm:^1.3.1, once@npm:^1.4.0":
  version: 1.4.0
  resolution: "once@npm:1.4.0"
  dependencies:
    wrappy: 1
  checksum: cd0a88501333edd640d95f0d2700fbde6bff20b3d4d9bdc521bdd31af0656b5706570d6c6afe532045a20bb8dc0849f8332d6f2a416e0ba6d3d3b98806c7db68
  languageName: node
  linkType: hard

"p-cancelable@npm:^2.0.0":
  version: 2.1.1
  resolution: "p-cancelable@npm:2.1.1"
  checksum: 3dba12b4fb4a1e3e34524535c7858fc82381bbbd0f247cc32dedc4018592a3950ce66b106d0880b4ec4c2d8d6576f98ca885dc1d7d0f274d1370be20e9523ddf
  languageName: node
  linkType: hard

"p-limit@npm:^2.2.0":
  version: 2.3.0
  resolution: "p-limit@npm:2.3.0"
  dependencies:
    p-try: ^2.0.0
  checksum: 84ff17f1a38126c3314e91ecfe56aecbf36430940e2873dadaa773ffe072dc23b7af8e46d4b6485d302a11673fe94c6b67ca2cfbb60c989848b02100d0594ac1
  languageName: node
  linkType: hard

"p-try@npm:^2.0.0":
  version: 2.2.0
  resolution: "p-try@npm:2.2.0"
  checksum: f8a8e9a7693659383f06aec604ad5ead237c7a261c18048a6e1b5b85a5f8a067e469aa24f5bc009b991ea3b058a87f5065ef4176793a200d4917349881216cae
  languageName: node
  linkType: hard

"path-key@npm:^3.1.0":
  version: 3.1.1
  resolution: "path-key@npm:3.1.1"
  checksum: 55cd7a9dd4b343412a8386a743f9c746ef196e57c823d90ca3ab917f90ab9f13dd0ded27252ba49dbdfcab2b091d998bc446f6220cd3cea65db407502a740020
  languageName: node
  linkType: hard

"path-to-regexp@npm:^1.7.0":
  version: 1.8.0
  resolution: "path-to-regexp@npm:1.8.0"
  dependencies:
    isarray: 0.0.1
  checksum: 709f6f083c0552514ef4780cb2e7e4cf49b0cc89a97439f2b7cc69a608982b7690fb5d1720a7473a59806508fc2dae0be751ba49f495ecf89fd8fbc62abccbcd
  languageName: node
  linkType: hard

"path-type@npm:^4.0.0":
  version: 4.0.0
  resolution: "path-type@npm:4.0.0"
  checksum: 5b1e2daa247062061325b8fdbfd1fb56dde0a448fb1455453276ea18c60685bdad23a445dc148cf87bc216be1573357509b7d4060494a6fd768c7efad833ee45
  languageName: node
  linkType: hard

"pathval@npm:^1.0.0":
  version: 1.1.1
  resolution: "pathval@npm:1.1.1"
  checksum: 090e3147716647fb7fb5b4b8c8e5b55e5d0a6086d085b6cd23f3d3c01fcf0ff56fd3cc22f2f4a033bd2e46ed55d61ed8379e123b42afe7d531a2a5fc8bb556d6
  languageName: node
  linkType: hard

"picomatch@npm:^2.3.1":
  version: 2.3.1
  resolution: "picomatch@npm:2.3.1"
  checksum: 050c865ce81119c4822c45d3c84f1ced46f93a0126febae20737bd05ca20589c564d6e9226977df859ed5e03dc73f02584a2b0faad36e896936238238b0446cf
  languageName: node
  linkType: hard

"pump@npm:^3.0.0":
  version: 3.0.0
  resolution: "pump@npm:3.0.0"
  dependencies:
    end-of-stream: ^1.1.0
    once: ^1.3.1
  checksum: e42e9229fba14732593a718b04cb5e1cfef8254544870997e0ecd9732b189a48e1256e4e5478148ecb47c8511dca2b09eae56b4d0aad8009e6fac8072923cfc9
  languageName: node
  linkType: hard

"queue-microtask@npm:^1.2.2":
  version: 1.2.3
  resolution: "queue-microtask@npm:1.2.3"
  checksum: b676f8c040cdc5b12723ad2f91414d267605b26419d5c821ff03befa817ddd10e238d22b25d604920340fd73efd8ba795465a0377c4adf45a4a41e4234e42dc4
  languageName: node
  linkType: hard

"quick-lru@npm:^5.1.1":
  version: 5.1.1
  resolution: "quick-lru@npm:5.1.1"
  checksum: a516faa25574be7947969883e6068dbe4aa19e8ef8e8e0fd96cddd6d36485e9106d85c0041a27153286b0770b381328f4072aa40d3b18a19f5f7d2b78b94b5ed
  languageName: node
  linkType: hard

"resolve-alpn@npm:^1.0.0":
  version: 1.2.1
  resolution: "resolve-alpn@npm:1.2.1"
  checksum: f558071fcb2c60b04054c99aebd572a2af97ef64128d59bef7ab73bd50d896a222a056de40ffc545b633d99b304c259ea9d0c06830d5c867c34f0bfa60b8eae0
  languageName: node
  linkType: hard

"responselike@npm:^2.0.0":
  version: 2.0.0
  resolution: "responselike@npm:2.0.0"
  dependencies:
    lowercase-keys: ^2.0.0
  checksum: 6a4d32c37d4e88678ae0a9d69fcc90aafa15b1a3eab455bd65c06af3c6c4976afc47d07a0e5a60d277ab041a465f43bf0a581e0d7ab33786e7a7741573f2e487
  languageName: node
  linkType: hard

"reusify@npm:^1.0.4":
  version: 1.0.4
  resolution: "reusify@npm:1.0.4"
  checksum: c3076ebcc22a6bc252cb0b9c77561795256c22b757f40c0d8110b1300723f15ec0fc8685e8d4ea6d7666f36c79ccc793b1939c748bf36f18f542744a4e379fcc
  languageName: node
  linkType: hard

"run-parallel@npm:^1.1.9":
  version: 1.2.0
  resolution: "run-parallel@npm:1.2.0"
  dependencies:
    queue-microtask: ^1.2.2
  checksum: cb4f97ad25a75ebc11a8ef4e33bb962f8af8516bb2001082ceabd8902e15b98f4b84b4f8a9b222e5d57fc3bd1379c483886ed4619367a7680dad65316993021d
  languageName: node
  linkType: hard

"semver@npm:^7.1.2":
  version: 7.3.7
  resolution: "semver@npm:7.3.7"
  dependencies:
    lru-cache: ^6.0.0
  bin:
    semver: bin/semver.js
  checksum: 2fa3e877568cd6ce769c75c211beaed1f9fce80b28338cadd9d0b6c40f2e2862bafd62c19a6cff42f3d54292b7c623277bcab8816a2b5521cf15210d43e75232
  languageName: node
  linkType: hard

"shebang-command@npm:^2.0.0":
  version: 2.0.0
  resolution: "shebang-command@npm:2.0.0"
  dependencies:
    shebang-regex: ^3.0.0
  checksum: 6b52fe87271c12968f6a054e60f6bde5f0f3d2db483a1e5c3e12d657c488a15474121a1d55cd958f6df026a54374ec38a4a963988c213b7570e1d51575cea7fa
  languageName: node
  linkType: hard

"shebang-regex@npm:^3.0.0":
  version: 3.0.0
  resolution: "shebang-regex@npm:3.0.0"
  checksum: 1a2bcae50de99034fcd92ad4212d8e01eedf52c7ec7830eedcf886622804fe36884278f2be8be0ea5fde3fd1c23911643a4e0f726c8685b61871c8908af01222
  languageName: node
  linkType: hard

"sinon-chai@npm:^3.7.0":
  version: 3.7.0
  resolution: "sinon-chai@npm:3.7.0"
  peerDependencies:
    chai: ^4.0.0
    sinon: ">=4.0.0"
  checksum: 49a353d8eb66cc6db35ac452f6965c72778aa090d1f036dd1e54ba88594b1c3f314b1a403eaff22a4e314f94dc92d9c7d03cbb88c21d89e814293bf5b299964d
  languageName: node
  linkType: hard

"sinon@npm:^12.0.1":
  version: 12.0.1
  resolution: "sinon@npm:12.0.1"
  dependencies:
    "@sinonjs/commons": ^1.8.3
    "@sinonjs/fake-timers": ^8.1.0
    "@sinonjs/samsam": ^6.0.2
    diff: ^5.0.0
    nise: ^5.1.0
    supports-color: ^7.2.0
  checksum: a264310c28df43e923a6e223c719953b7bd829b8e2fee7fe8b40154647e350b6bb4c18009be6f193e50892687f8e8c5d987d666fc3f6e4e78a9f807211ea365f
  languageName: node
  linkType: hard

"sinon@npm:^9.0.3":
  version: 9.2.4
  resolution: "sinon@npm:9.2.4"
  dependencies:
    "@sinonjs/commons": ^1.8.1
    "@sinonjs/fake-timers": ^6.0.1
    "@sinonjs/samsam": ^5.3.1
    diff: ^4.0.2
    nise: ^4.0.4
    supports-color: ^7.1.0
  checksum: 34b881886daa4b491bb9147ccad43d662f58b45a1b6f1e8b26a405ad77041108306fac3648646335f00f702897f0ba12282588ab64de470f48f1a7678e08dc65
  languageName: node
  linkType: hard

"slash@npm:^3.0.0":
  version: 3.0.0
  resolution: "slash@npm:3.0.0"
  checksum: 94a93fff615f25a999ad4b83c9d5e257a7280c90a32a7cb8b4a87996e4babf322e469c42b7f649fd5796edd8687652f3fb452a86dc97a816f01113183393f11c
  languageName: node
  linkType: hard

"sprintf-js@npm:~1.0.2":
  version: 1.0.3
  resolution: "sprintf-js@npm:1.0.3"
  checksum: 19d79aec211f09b99ec3099b5b2ae2f6e9cdefe50bc91ac4c69144b6d3928a640bb6ae5b3def70c2e85a2c3d9f5ec2719921e3a59d3ca3ef4b2fd1a4656a0df3
  languageName: node
  linkType: hard

"strip-ansi@npm:^6.0.0":
  version: 6.0.1
  resolution: "strip-ansi@npm:6.0.1"
  dependencies:
    ansi-regex: ^5.0.1
  checksum: f3cd25890aef3ba6e1a74e20896c21a46f482e93df4a06567cebf2b57edabb15133f1f94e57434e0a958d61186087b1008e89c94875d019910a213181a14fc8c
  languageName: node
  linkType: hard

"supports-color@npm:^7.1.0, supports-color@npm:^7.2.0":
  version: 7.2.0
  resolution: "supports-color@npm:7.2.0"
  dependencies:
    has-flag: ^4.0.0
  checksum: 3dda818de06ebbe5b9653e07842d9479f3555ebc77e9a0280caf5a14fb877ffee9ed57007c3b78f5a6324b8dbeec648d9e97a24e2ed9fdb81ddc69ea07100f4a
  languageName: node
  linkType: hard

"tar@npm:^6.0.5":
  version: 6.1.11
  resolution: "tar@npm:6.1.11"
  dependencies:
    chownr: ^2.0.0
    fs-minipass: ^2.0.0
    minipass: ^3.0.0
    minizlib: ^2.1.1
    mkdirp: ^1.0.3
    yallist: ^4.0.0
  checksum: a04c07bb9e2d8f46776517d4618f2406fb977a74d914ad98b264fc3db0fe8224da5bec11e5f8902c5b9bcb8ace22d95fbe3c7b36b8593b7dfc8391a25898f32f
  languageName: node
  linkType: hard

"tinylogic@npm:^2.0.0":
  version: 2.0.0
  resolution: "tinylogic@npm:2.0.0"
  checksum: b966cbb41241a048095fb9e685d5e2020475fdea2c65b4ae51e5dee48964860a4505d987503c004b8a76e96b64c7da2f49954dd36c691d559c315d878ce7da29
  languageName: node
  linkType: hard

"to-regex-range@npm:^5.0.1":
  version: 5.0.1
  resolution: "to-regex-range@npm:5.0.1"
  dependencies:
    is-number: ^7.0.0
  checksum: f76fa01b3d5be85db6a2a143e24df9f60dd047d151062d0ba3df62953f2f697b16fe5dad9b0ac6191c7efc7b1d9dcaa4b768174b7b29da89d4428e64bc0a20ed
  languageName: node
  linkType: hard

"treeify@npm:^1.1.0":
  version: 1.1.0
  resolution: "treeify@npm:1.1.0"
  checksum: aa00dded220c1dd052573bd6fc2c52862f09870851a284f0d3650d72bf913ba9b4f6b824f4f1ab81899bae29375f4266b07fe47cbf82343a1efa13cc09ce87af
  languageName: node
  linkType: hard

"ts-sinon@npm:^2.0.2":
  version: 2.0.2
  resolution: "ts-sinon@npm:2.0.2"
  dependencies:
    "@types/node": ^14.6.1
    "@types/sinon": ^9.0.5
    "@types/sinon-chai": ^3.2.4
    sinon: ^9.0.3
  checksum: 187a998431b138538b55f6c32594675137f73545976baf5b12c7894f4d8ece6079c7a68ca0bce5a6367305c79a42b1d4810344059c6b1f2cf7b6ecec41c24009
  languageName: node
  linkType: hard

"tslib@npm:^1.13.0":
  version: 1.14.1
  resolution: "tslib@npm:1.14.1"
  checksum: dbe628ef87f66691d5d2959b3e41b9ca0045c3ee3c7c7b906cc1e328b39f199bb1ad9e671c39025bd56122ac57dfbf7385a94843b1cc07c60a4db74795829acd
  languageName: node
  linkType: hard

"tunnel@npm:^0.0.6":
  version: 0.0.6
  resolution: "tunnel@npm:0.0.6"
  checksum: c362948df9ad34b649b5585e54ce2838fa583aa3037091aaed66793c65b423a264e5229f0d7e9a95513a795ac2bd4cb72cda7e89a74313f182c1e9ae0b0994fa
  languageName: node
  linkType: hard

"typanion@npm:^3.8.0":
  version: 3.8.0
  resolution: "typanion@npm:3.8.0"
  checksum: ea3f97072c72efd4f1ac2c8996dad61e2a0810e6e2835f72b1e076e3f4c796666dc5f60af88329f3892173419a114b5d58a7369c16fdc46d76e3d9a55e8c486d
  languageName: node
  linkType: hard

"type-detect@npm:4.0.8, type-detect@npm:^4.0.0, type-detect@npm:^4.0.8":
  version: 4.0.8
  resolution: "type-detect@npm:4.0.8"
  checksum: 62b5628bff67c0eb0b66afa371bd73e230399a8d2ad30d852716efcc4656a7516904570cd8631a49a3ce57c10225adf5d0cbdcb47f6b0255fe6557c453925a15
  languageName: node
  linkType: hard

"typescript@npm:^4.6.4":
  version: 4.6.4
  resolution: "typescript@npm:4.6.4"
  bin:
    tsc: bin/tsc
    tsserver: bin/tsserver
  checksum: e7bfcc39cd4571a63a54e5ea21f16b8445268b9900bf55aee0e02ad981be576acc140eba24f1af5e3c1457767c96cea6d12861768fb386cf3ffb34013718631a
  languageName: node
  linkType: hard

"typescript@patch:typescript@^4.6.4#~builtin<compat/typescript>":
  version: 4.6.4
  resolution: "typescript@patch:typescript@npm%3A4.6.4#~builtin<compat/typescript>::version=4.6.4&hash=bda367"
  bin:
    tsc: bin/tsc
    tsserver: bin/tsserver
  checksum: 1cb434fbc637d347be90e3a0c6cd05e33c38f941713c8786d3031faf1842c2c148ba91d2fac01e7276b0ae3249b8633f1660e32686cc7a8c6a8fd5361dc52c66
  languageName: node
  linkType: hard

"which@npm:^2.0.1":
  version: 2.0.2
  resolution: "which@npm:2.0.2"
  dependencies:
    isexe: ^2.0.0
  bin:
    node-which: ./bin/node-which
  checksum: 1a5c563d3c1b52d5f893c8b61afe11abc3bab4afac492e8da5bde69d550de701cf9806235f20a47b5c8fa8a1d6a9135841de2596535e998027a54589000e66d1
  languageName: node
  linkType: hard

"wrappy@npm:1":
  version: 1.0.2
  resolution: "wrappy@npm:1.0.2"
  checksum: 159da4805f7e84a3d003d8841557196034155008f817172d4e986bd591f74aa82aa7db55929a54222309e01079a65a92a9e6414da5a6aa4b01ee44a511ac3ee5
  languageName: node
  linkType: hard

"yallist@npm:^4.0.0":
  version: 4.0.0
  resolution: "yallist@npm:4.0.0"
  checksum: 343617202af32df2a15a3be36a5a8c0c8545208f3d3dfbc6bb7c3e3b7e8c6f8e7485432e4f3b88da3031a6e20afa7c711eded32ddfb122896ac5d914e75848d5
  languageName: node
  linkType: hard
